
Microsoft Visual Studio Solution File, Format Version 12.00
# Visual Studio Version 16
VisualStudioVersion = 16.0.32929.386
MinimumVisualStudioVersion = 10.0.40219.1
Project("{FAE04EC0-301F-11D3-BF4B-00C04F79EFBC}") = "OutParatmetersTest", "OutParatmetersTest\OutParatmetersTest.csproj", "{743307E7-BFA9-41E6-9BB9-FF66C40A2038}"
EndProject
Global
	GlobalSection(SolutionConfigurationPlatforms) = preSolution
		Debug|Any CPU = Debug|Any CPU
		Release|Any CPU = Release|Any CPU
	EndGlobalSection
	GlobalSection(ProjectConfigurationPlatforms) = postSolution
		{743307E7-BFA9-41E6-9BB9-FF66C40A2038}.Debug|Any CPU.ActiveCfg = Debug|Any CPU
		{743307E7-BFA9-41E6-9BB9-FF66C40A2038}.Debug|Any CPU.Build.0 = Debug|Any CPU
		{743307E7-BFA9-41E6-9BB9-FF66C40A2038}.Release|Any CPU.ActiveCfg = Release|Any CPU
		{743307E7-BFA9-41E6-9BB9-FF66C40A2038}.Release|Any CPU.Build.0 = Release|Any CPU
	EndGlobalSection
	GlobalSection(SolutionProperties) = preSolution
		HideSolutionNode = FALSE
	EndGlobalSection
	GlobalSection(ExtensibilityGlobals) = postSolution
		SolutionGuid = {96CAD542-D976-40B4-A924-B28A6148A0E0}
	EndGlobalSection
EndGlobal
